// !$*UTF8*$!
{
	archiveVersion = 1;
	classes = {
	};
	objectVersion = 56;
	objects = {

/* Begin PBXBuildFile section */
		54073B6C2C0C474200597973 /* ImageExtension.swift in Sources */ = {isa = PBXBuildFile; fileRef = 54073B6B2C0C474200597973 /* ImageExtension.swift */; };
		54073B7D2C0C564700597973 /* HomeView.swift in Sources */ = {isa = PBXBuildFile; fileRef = 54073B7C2C0C564700597973 /* HomeView.swift */; };
		54073B802C0CBC6500597973 /* ComposableArchitecture in Frameworks */ = {isa = PBXBuildFile; productRef = 54073B7F2C0CBC6500597973 /* ComposableArchitecture */; };
		54073B832C0D906300597973 /* HomePopularFeature.swift in Sources */ = {isa = PBXBuildFile; fileRef = 54073B822C0D906300597973 /* HomePopularFeature.swift */; };
		54073B852C0D908200597973 /* NavigationBarView.swift in Sources */ = {isa = PBXBuildFile; fileRef = 54073B842C0D908200597973 /* NavigationBarView.swift */; };
		54073B882C0D913800597973 /* NavigationBarFeature.swift in Sources */ = {isa = PBXBuildFile; fileRef = 54073B872C0D913800597973 /* NavigationBarFeature.swift */; };
		54073B8A2C0D932D00597973 /* HomePopularView.swift in Sources */ = {isa = PBXBuildFile; fileRef = 54073B892C0D932D00597973 /* HomePopularView.swift */; };
		54073B8C2C0D98E500597973 /* ReviewCell.swift in Sources */ = {isa = PBXBuildFile; fileRef = 54073B8B2C0D98E400597973 /* ReviewCell.swift */; };
		540BE9B02C22C607009180AE /* ReviewDetailFeature.swift in Sources */ = {isa = PBXBuildFile; fileRef = 540BE9AF2C22C607009180AE /* ReviewDetailFeature.swift */; };
		540BE9B42C231036009180AE /* WriterRow.swift in Sources */ = {isa = PBXBuildFile; fileRef = 540BE9B32C231036009180AE /* WriterRow.swift */; };
		541930492C3D49640080CA57 /* AllReviewView.swift in Sources */ = {isa = PBXBuildFile; fileRef = 541930482C3D49640080CA57 /* AllReviewView.swift */; };
		5419304B2C3D497D0080CA57 /* AllReviewFeature.swift in Sources */ = {isa = PBXBuildFile; fileRef = 5419304A2C3D497D0080CA57 /* AllReviewFeature.swift */; };
		5419304D2C3D798A0080CA57 /* ReviewDetailModel.swift in Sources */ = {isa = PBXBuildFile; fileRef = 5419304C2C3D798A0080CA57 /* ReviewDetailModel.swift */; };
		5419304F2C3D7B030080CA57 /* Restaurant.swift in Sources */ = {isa = PBXBuildFile; fileRef = 5419304E2C3D7B030080CA57 /* Restaurant.swift */; };
		541930512C3D7B160080CA57 /* Address.swift in Sources */ = {isa = PBXBuildFile; fileRef = 541930502C3D7B160080CA57 /* Address.swift */; };
		541930532C3D7B200080CA57 /* Writer.swift in Sources */ = {isa = PBXBuildFile; fileRef = 541930522C3D7B200080CA57 /* Writer.swift */; };
		541930552C3D7B2E0080CA57 /* Ratings.swift in Sources */ = {isa = PBXBuildFile; fileRef = 541930542C3D7B2E0080CA57 /* Ratings.swift */; };
		541930572C3D7B410080CA57 /* Menu.swift in Sources */ = {isa = PBXBuildFile; fileRef = 541930562C3D7B410080CA57 /* Menu.swift */; };
		541930592C3D8BEC0080CA57 /* StringExtension.swift in Sources */ = {isa = PBXBuildFile; fileRef = 541930582C3D8BEC0080CA57 /* StringExtension.swift */; };
		541D2A812C4FB08C00488999 /* PhotoInfo.swift in Sources */ = {isa = PBXBuildFile; fileRef = 541D2A802C4FB08C00488999 /* PhotoInfo.swift */; };
		5433CAA12C42A647005B62F2 /* IntExtension.swift in Sources */ = {isa = PBXBuildFile; fileRef = 5433CAA02C42A647005B62F2 /* IntExtension.swift */; };
		543F0AE42C10263100DFBDB1 /* HomeCheffiStoryView.swift in Sources */ = {isa = PBXBuildFile; fileRef = 543F0AE32C10263100DFBDB1 /* HomeCheffiStoryView.swift */; };
		543F0AE62C10264800DFBDB1 /* HomeCheffiStoryFeature.swift in Sources */ = {isa = PBXBuildFile; fileRef = 543F0AE52C10264800DFBDB1 /* HomeCheffiStoryFeature.swift */; };
		544BB7672C168F8400BD43E0 /* MainTabView.swift in Sources */ = {isa = PBXBuildFile; fileRef = 544BB7662C168F8400BD43E0 /* MainTabView.swift */; };
		544BB7692C1699C800BD43E0 /* UIImageExtension.swift in Sources */ = {isa = PBXBuildFile; fileRef = 544BB7682C1699C800BD43E0 /* UIImageExtension.swift */; };
		54588AD72C074CF9000DD5A9 /* SUIT-Bold.otf in Resources */ = {isa = PBXBuildFile; fileRef = 54588AD22C074CF8000DD5A9 /* SUIT-Bold.otf */; };
		54588AD82C074CF9000DD5A9 /* SUIT-Medium.otf in Resources */ = {isa = PBXBuildFile; fileRef = 54588AD32C074CF8000DD5A9 /* SUIT-Medium.otf */; };
		54588AD92C074CF9000DD5A9 /* SUIT-Regular.otf in Resources */ = {isa = PBXBuildFile; fileRef = 54588AD42C074CF9000DD5A9 /* SUIT-Regular.otf */; };
		54588ADA2C074CF9000DD5A9 /* SUIT-ExtraBold.otf in Resources */ = {isa = PBXBuildFile; fileRef = 54588AD52C074CF9000DD5A9 /* SUIT-ExtraBold.otf */; };
		54588ADB2C074CF9000DD5A9 /* SUIT-SemiBold.otf in Resources */ = {isa = PBXBuildFile; fileRef = 54588AD62C074CF9000DD5A9 /* SUIT-SemiBold.otf */; };
		547B4BC92C4566F300C4B1B4 /* MainTabFeature.swift in Sources */ = {isa = PBXBuildFile; fileRef = 547B4BC82C4566F300C4B1B4 /* MainTabFeature.swift */; };
		5488EDD22C3E534700252A92 /* ViewExtension.swift in Sources */ = {isa = PBXBuildFile; fileRef = 5488EDD12C3E534700252A92 /* ViewExtension.swift */; };
		5488EDD42C3E66D700252A92 /* ToastMessage.swift in Sources */ = {isa = PBXBuildFile; fileRef = 5488EDD32C3E66D700252A92 /* ToastMessage.swift */; };
		548FC68C2C2177E8003866A9 /* ReviewDetailView.swift in Sources */ = {isa = PBXBuildFile; fileRef = 548FC68B2C2177E8003866A9 /* ReviewDetailView.swift */; };
		549B1F8F2C0607C7005C9432 /* CheffiApp.swift in Sources */ = {isa = PBXBuildFile; fileRef = 549B1F8E2C0607C7005C9432 /* CheffiApp.swift */; };
		549B1F912C0607C7005C9432 /* ContentView.swift in Sources */ = {isa = PBXBuildFile; fileRef = 549B1F902C0607C7005C9432 /* ContentView.swift */; };
		549B1F932C0607C9005C9432 /* Assets.xcassets in Resources */ = {isa = PBXBuildFile; fileRef = 549B1F922C0607C9005C9432 /* Assets.xcassets */; };
		549B1F962C0607C9005C9432 /* Preview Assets.xcassets in Resources */ = {isa = PBXBuildFile; fileRef = 549B1F952C0607C9005C9432 /* Preview Assets.xcassets */; };
		549B1FA02C0607C9005C9432 /* CheffiTests.swift in Sources */ = {isa = PBXBuildFile; fileRef = 549B1F9F2C0607C9005C9432 /* CheffiTests.swift */; };
		549B1FAA2C0607C9005C9432 /* CheffiUITests.swift in Sources */ = {isa = PBXBuildFile; fileRef = 549B1FA92C0607C9005C9432 /* CheffiUITests.swift */; };
		549B1FAC2C0607C9005C9432 /* CheffiUITestsLaunchTests.swift in Sources */ = {isa = PBXBuildFile; fileRef = 549B1FAB2C0607C9005C9432 /* CheffiUITestsLaunchTests.swift */; };
		549B1FD52C0618D7005C9432 /* FontExtension.swift in Sources */ = {isa = PBXBuildFile; fileRef = 549B1FD42C0618D7005C9432 /* FontExtension.swift */; };
		549B1FDB2C061CE3005C9432 /* ColorExtension.swift in Sources */ = {isa = PBXBuildFile; fileRef = 549B1FDA2C061CE3005C9432 /* ColorExtension.swift */; };
		54C30E312C47EDDE00DA6FF8 /* FirstAppearModifer.swift in Sources */ = {isa = PBXBuildFile; fileRef = 54C30E302C47EDDE00DA6FF8 /* FirstAppearModifer.swift */; };
		54DF6D992C1D61140031E95B /* HomeCheffiPlaceFeature.swift in Sources */ = {isa = PBXBuildFile; fileRef = 54DF6D982C1D61140031E95B /* HomeCheffiPlaceFeature.swift */; };
		54DF6D9B2C1D611C0031E95B /* HomeCheffiPlaceView.swift in Sources */ = {isa = PBXBuildFile; fileRef = 54DF6D9A2C1D611C0031E95B /* HomeCheffiPlaceView.swift */; };
		54E285FA2C2FE28700AD7939 /* TagsModel.swift in Sources */ = {isa = PBXBuildFile; fileRef = 54E285F92C2FE28700AD7939 /* TagsModel.swift */; };
		54F217A92C2BC42A00892DBD /* ScrollViewOffset.swift in Sources */ = {isa = PBXBuildFile; fileRef = 54F217A82C2BC42A00892DBD /* ScrollViewOffset.swift */; };
		54F217AB2C2D2F1B00892DBD /* ReviewModel.swift in Sources */ = {isa = PBXBuildFile; fileRef = 54F217AA2C2D2F1B00892DBD /* ReviewModel.swift */; };
		54F217AD2C2D2FDB00892DBD /* Photo.swift in Sources */ = {isa = PBXBuildFile; fileRef = 54F217AC2C2D2FDB00892DBD /* Photo.swift */; };
		54F217B22C2D685400892DBD /* Kingfisher in Frameworks */ = {isa = PBXBuildFile; productRef = 54F217B12C2D685400892DBD /* Kingfisher */; };
		A611D9D12C187D6500ABF38C /* EndPoint.swift in Sources */ = {isa = PBXBuildFile; fileRef = A611D9D02C187D6500ABF38C /* EndPoint.swift */; };
		A611D9D32C187D7800ABF38C /* RestRouter.swift in Sources */ = {isa = PBXBuildFile; fileRef = A611D9D22C187D7800ABF38C /* RestRouter.swift */; };
		A611D9D52C187D8400ABF38C /* NetworkClient.swift in Sources */ = {isa = PBXBuildFile; fileRef = A611D9D42C187D8400ABF38C /* NetworkClient.swift */; };
		A611D9DB2C187F6000ABF38C /* Alamofire in Frameworks */ = {isa = PBXBuildFile; productRef = A611D9DA2C187F6000ABF38C /* Alamofire */; };
		A61FC3CA2C3D689200C732C6 /* RestErrorResponse.swift in Sources */ = {isa = PBXBuildFile; fileRef = A61FC3C92C3D689200C732C6 /* RestErrorResponse.swift */; };
		A61FC3CD2C3D68D900C732C6 /* CheffiError.swift in Sources */ = {isa = PBXBuildFile; fileRef = A61FC3CC2C3D68D900C732C6 /* CheffiError.swift */; };
		A61FC3CF2C3D68E200C732C6 /* DataRequest+Response.swift in Sources */ = {isa = PBXBuildFile; fileRef = A61FC3CE2C3D68E200C732C6 /* DataRequest+Response.swift */; };
		A61FC3D22C3D849700C732C6 /* AnyCodable in Frameworks */ = {isa = PBXBuildFile; productRef = A61FC3D12C3D849700C732C6 /* AnyCodable */; };
		A62EEAD92C2D9BA000926242 /* LaunchScreenFeature.swift in Sources */ = {isa = PBXBuildFile; fileRef = A62EEAD82C2D9BA000926242 /* LaunchScreenFeature.swift */; };
		A64056C82C6398B70045B127 /* RepresentableWebView.swift in Sources */ = {isa = PBXBuildFile; fileRef = A64056C72C6398B70045B127 /* RepresentableWebView.swift */; };
		A64056CB2C6399290045B127 /* WebView.swift in Sources */ = {isa = PBXBuildFile; fileRef = A64056CA2C6399290045B127 /* WebView.swift */; };
		A64056CD2C6399340045B127 /* WebFeature.swift in Sources */ = {isa = PBXBuildFile; fileRef = A64056CC2C6399340045B127 /* WebFeature.swift */; };
		A66AB5D82C63B2470035A361 /* NavigationBarModifier.swift in Sources */ = {isa = PBXBuildFile; fileRef = A66AB5D72C63B2470035A361 /* NavigationBarModifier.swift */; };
		A670024E2C5CA61E00B7F336 /* URLParameterEncoding.swift in Sources */ = {isa = PBXBuildFile; fileRef = A670024D2C5CA61E00B7F336 /* URLParameterEncoding.swift */; };
		A67677F32C1738EF0089A269 /* AppEnvironment.swift in Sources */ = {isa = PBXBuildFile; fileRef = A67677F22C1738EF0089A269 /* AppEnvironment.swift */; };
		A678A4852C2C5F0800A3D16B /* Launch Screen.storyboard in Resources */ = {isa = PBXBuildFile; fileRef = A678A4842C2C5F0800A3D16B /* Launch Screen.storyboard */; };
		A678A4882C2C632F00A3D16B /* LaunchScreenView.swift in Sources */ = {isa = PBXBuildFile; fileRef = A678A4872C2C632F00A3D16B /* LaunchScreenView.swift */; };
		A6801E5A2C417DDA00471691 /* LoginFeature.swift in Sources */ = {isa = PBXBuildFile; fileRef = A6801E592C417DDA00471691 /* LoginFeature.swift */; };
		A681E99E2C4FDF7D00B796AA /* TermsView.swift in Sources */ = {isa = PBXBuildFile; fileRef = A681E99D2C4FDF7D00B796AA /* TermsView.swift */; };
		A681E9A02C4FDF8400B796AA /* TermsFeature.swift in Sources */ = {isa = PBXBuildFile; fileRef = A681E99F2C4FDF8400B796AA /* TermsFeature.swift */; };
		A688B0AB2C29B68600E4E3A2 /* RestResponse.swift in Sources */ = {isa = PBXBuildFile; fileRef = A688B0AA2C29B68600E4E3A2 /* RestResponse.swift */; };
		A688B0AD2C29B68E00E4E3A2 /* LoginKakaoModel.swift in Sources */ = {isa = PBXBuildFile; fileRef = A688B0AC2C29B68E00E4E3A2 /* LoginKakaoModel.swift */; };
		A688B0B02C29B6A800E4E3A2 /* Authority.swift in Sources */ = {isa = PBXBuildFile; fileRef = A688B0AF2C29B6A800E4E3A2 /* Authority.swift */; };
		A69989FC2C47FF8700850EE7 /* RootView.swift in Sources */ = {isa = PBXBuildFile; fileRef = A69989FB2C47FF8700850EE7 /* RootView.swift */; };
		A69989FE2C47FF8D00850EE7 /* RootFeature.swift in Sources */ = {isa = PBXBuildFile; fileRef = A69989FD2C47FF8D00850EE7 /* RootFeature.swift */; };
		A6DC44182C5C98E200423B90 /* OtherProfileModel.swift in Sources */ = {isa = PBXBuildFile; fileRef = A6DC44172C5C98E200423B90 /* OtherProfileModel.swift */; };
		A6F5E6C82C1B21630053C2E8 /* NetworkRequestInterceptor.swift in Sources */ = {isa = PBXBuildFile; fileRef = A6F5E6C72C1B21630053C2E8 /* NetworkRequestInterceptor.swift */; };
		A6F5E6CC2C1B22C00053C2E8 /* NetworkEventLogger.swift in Sources */ = {isa = PBXBuildFile; fileRef = A6F5E6CB2C1B22C00053C2E8 /* NetworkEventLogger.swift */; };
		A6F5E6CE2C1B2BA80053C2E8 /* DataExtension.swift in Sources */ = {isa = PBXBuildFile; fileRef = A6F5E6CD2C1B2BA80053C2E8 /* DataExtension.swift */; };
		A6F5E6D12C2065750053C2E8 /* LoginView.swift in Sources */ = {isa = PBXBuildFile; fileRef = A6F5E6D02C2065750053C2E8 /* LoginView.swift */; };
		A6F5E6DD2C23213D0053C2E8 /* KakaoSDK in Frameworks */ = {isa = PBXBuildFile; productRef = A6F5E6DC2C23213D0053C2E8 /* KakaoSDK */; };
		A6F5E6DF2C23213F0053C2E8 /* KakaoSDKAuth in Frameworks */ = {isa = PBXBuildFile; productRef = A6F5E6DE2C23213F0053C2E8 /* KakaoSDKAuth */; };
		A6F5E6E12C23215B0053C2E8 /* KakaoSDKUser in Frameworks */ = {isa = PBXBuildFile; productRef = A6F5E6E02C23215B0053C2E8 /* KakaoSDKUser */; };
		A6F5E6E32C23215F0053C2E8 /* KakaoSDKCommon in Frameworks */ = {isa = PBXBuildFile; productRef = A6F5E6E22C23215F0053C2E8 /* KakaoSDKCommon */; };
		A6F5E6E82C245EBD0053C2E8 /* KakaoAuthClient.swift in Sources */ = {isa = PBXBuildFile; fileRef = A6F5E6E72C245EBD0053C2E8 /* KakaoAuthClient.swift */; };
		A6F5E6EB2C246A670053C2E8 /* KakaoTokenVerifier.swift in Sources */ = {isa = PBXBuildFile; fileRef = A6F5E6EA2C246A670053C2E8 /* KakaoTokenVerifier.swift */; };
		A6F5E6ED2C246A750053C2E8 /* KakaoLoginHandler.swift in Sources */ = {isa = PBXBuildFile; fileRef = A6F5E6EC2C246A750053C2E8 /* KakaoLoginHandler.swift */; };
		A6F5E6F92C280AC00053C2E8 /* RestRouter+EndPoint.swift in Sources */ = {isa = PBXBuildFile; fileRef = A6F5E6F82C280AC00053C2E8 /* RestRouter+EndPoint.swift */; };
		A6F5E6FB2C280AD00053C2E8 /* RestRouter+Path.swift in Sources */ = {isa = PBXBuildFile; fileRef = A6F5E6FA2C280AD00053C2E8 /* RestRouter+Path.swift */; };
		A6F5E6FE2C284D350053C2E8 /* TokenStorageEventMonitor.swift in Sources */ = {isa = PBXBuildFile; fileRef = A6F5E6FD2C284D350053C2E8 /* TokenStorageEventMonitor.swift */; };
		A6F5E7002C284E400053C2E8 /* KeychainManager.swift in Sources */ = {isa = PBXBuildFile; fileRef = A6F5E6FF2C284E400053C2E8 /* KeychainManager.swift */; };
/* End PBXBuildFile section */

/* Begin PBXContainerItemProxy section */
		549B1F9C2C0607C9005C9432 /* PBXContainerItemProxy */ = {
			isa = PBXContainerItemProxy;
			containerPortal = 549B1F832C0607C7005C9432 /* Project object */;
			proxyType = 1;
			remoteGlobalIDString = 549B1F8A2C0607C7005C9432;
			remoteInfo = Cheffi;
		};
		549B1FA62C0607C9005C9432 /* PBXContainerItemProxy */ = {
			isa = PBXContainerItemProxy;
			containerPortal = 549B1F832C0607C7005C9432 /* Project object */;
			proxyType = 1;
			remoteGlobalIDString = 549B1F8A2C0607C7005C9432;
			remoteInfo = Cheffi;
		};
/* End PBXContainerItemProxy section */

/* Begin PBXFileReference section */
		54073B6B2C0C474200597973 /* ImageExtension.swift */ = {isa = PBXFileReference; lastKnownFileType = sourcecode.swift; path = ImageExtension.swift; sourceTree = "<group>"; };
		54073B7C2C0C564700597973 /* HomeView.swift */ = {isa = PBXFileReference; lastKnownFileType = sourcecode.swift; path = HomeView.swift; sourceTree = "<group>"; };
		54073B822C0D906300597973 /* HomePopularFeature.swift */ = {isa = PBXFileReference; lastKnownFileType = sourcecode.swift; path = HomePopularFeature.swift; sourceTree = "<group>"; };
		54073B842C0D908200597973 /* NavigationBarView.swift */ = {isa = PBXFileReference; lastKnownFileType = sourcecode.swift; path = NavigationBarView.swift; sourceTree = "<group>"; };
		54073B872C0D913800597973 /* NavigationBarFeature.swift */ = {isa = PBXFileReference; lastKnownFileType = sourcecode.swift; path = NavigationBarFeature.swift; sourceTree = "<group>"; };
		54073B892C0D932D00597973 /* HomePopularView.swift */ = {isa = PBXFileReference; lastKnownFileType = sourcecode.swift; path = HomePopularView.swift; sourceTree = "<group>"; };
		54073B8B2C0D98E400597973 /* ReviewCell.swift */ = {isa = PBXFileReference; lastKnownFileType = sourcecode.swift; path = ReviewCell.swift; sourceTree = "<group>"; };
		540BE9AF2C22C607009180AE /* ReviewDetailFeature.swift */ = {isa = PBXFileReference; lastKnownFileType = sourcecode.swift; path = ReviewDetailFeature.swift; sourceTree = "<group>"; };
		540BE9B12C22C853009180AE /* ScrollViewOffset.swift */ = {isa = PBXFileReference; lastKnownFileType = sourcecode.swift; path = ScrollViewOffset.swift; sourceTree = "<group>"; };
		540BE9B32C231036009180AE /* WriterRow.swift */ = {isa = PBXFileReference; lastKnownFileType = sourcecode.swift; path = WriterRow.swift; sourceTree = "<group>"; };
		541930482C3D49640080CA57 /* AllReviewView.swift */ = {isa = PBXFileReference; lastKnownFileType = sourcecode.swift; path = AllReviewView.swift; sourceTree = "<group>"; };
		5419304A2C3D497D0080CA57 /* AllReviewFeature.swift */ = {isa = PBXFileReference; lastKnownFileType = sourcecode.swift; path = AllReviewFeature.swift; sourceTree = "<group>"; };
		5419304C2C3D798A0080CA57 /* ReviewDetailModel.swift */ = {isa = PBXFileReference; lastKnownFileType = sourcecode.swift; path = ReviewDetailModel.swift; sourceTree = "<group>"; };
		5419304E2C3D7B030080CA57 /* Restaurant.swift */ = {isa = PBXFileReference; lastKnownFileType = sourcecode.swift; path = Restaurant.swift; sourceTree = "<group>"; };
		541930502C3D7B160080CA57 /* Address.swift */ = {isa = PBXFileReference; lastKnownFileType = sourcecode.swift; path = Address.swift; sourceTree = "<group>"; };
		541930522C3D7B200080CA57 /* Writer.swift */ = {isa = PBXFileReference; lastKnownFileType = sourcecode.swift; path = Writer.swift; sourceTree = "<group>"; };
		541930542C3D7B2E0080CA57 /* Ratings.swift */ = {isa = PBXFileReference; lastKnownFileType = sourcecode.swift; path = Ratings.swift; sourceTree = "<group>"; };
		541930562C3D7B410080CA57 /* Menu.swift */ = {isa = PBXFileReference; lastKnownFileType = sourcecode.swift; path = Menu.swift; sourceTree = "<group>"; };
		541930582C3D8BEC0080CA57 /* StringExtension.swift */ = {isa = PBXFileReference; lastKnownFileType = sourcecode.swift; path = StringExtension.swift; sourceTree = "<group>"; };
		541D2A802C4FB08C00488999 /* PhotoInfo.swift */ = {isa = PBXFileReference; lastKnownFileType = sourcecode.swift; path = PhotoInfo.swift; sourceTree = "<group>"; };
		5433CAA02C42A647005B62F2 /* IntExtension.swift */ = {isa = PBXFileReference; lastKnownFileType = sourcecode.swift; path = IntExtension.swift; sourceTree = "<group>"; };
		543F0AE32C10263100DFBDB1 /* HomeCheffiStoryView.swift */ = {isa = PBXFileReference; lastKnownFileType = sourcecode.swift; path = HomeCheffiStoryView.swift; sourceTree = "<group>"; };
		543F0AE52C10264800DFBDB1 /* HomeCheffiStoryFeature.swift */ = {isa = PBXFileReference; lastKnownFileType = sourcecode.swift; path = HomeCheffiStoryFeature.swift; sourceTree = "<group>"; };
		544BB7662C168F8400BD43E0 /* MainTabView.swift */ = {isa = PBXFileReference; lastKnownFileType = sourcecode.swift; path = MainTabView.swift; sourceTree = "<group>"; };
		544BB7682C1699C800BD43E0 /* UIImageExtension.swift */ = {isa = PBXFileReference; lastKnownFileType = sourcecode.swift; path = UIImageExtension.swift; sourceTree = "<group>"; };
		54588AD22C074CF8000DD5A9 /* SUIT-Bold.otf */ = {isa = PBXFileReference; lastKnownFileType = file; path = "SUIT-Bold.otf"; sourceTree = "<group>"; };
		54588AD32C074CF8000DD5A9 /* SUIT-Medium.otf */ = {isa = PBXFileReference; lastKnownFileType = file; path = "SUIT-Medium.otf"; sourceTree = "<group>"; };
		54588AD42C074CF9000DD5A9 /* SUIT-Regular.otf */ = {isa = PBXFileReference; lastKnownFileType = file; path = "SUIT-Regular.otf"; sourceTree = "<group>"; };
		54588AD52C074CF9000DD5A9 /* SUIT-ExtraBold.otf */ = {isa = PBXFileReference; lastKnownFileType = file; path = "SUIT-ExtraBold.otf"; sourceTree = "<group>"; };
		54588AD62C074CF9000DD5A9 /* SUIT-SemiBold.otf */ = {isa = PBXFileReference; lastKnownFileType = file; path = "SUIT-SemiBold.otf"; sourceTree = "<group>"; };
		547B4BC82C4566F300C4B1B4 /* MainTabFeature.swift */ = {isa = PBXFileReference; lastKnownFileType = sourcecode.swift; path = MainTabFeature.swift; sourceTree = "<group>"; };
		5488EDD12C3E534700252A92 /* ViewExtension.swift */ = {isa = PBXFileReference; lastKnownFileType = sourcecode.swift; path = ViewExtension.swift; sourceTree = "<group>"; };
		5488EDD32C3E66D700252A92 /* ToastMessage.swift */ = {isa = PBXFileReference; lastKnownFileType = sourcecode.swift; path = ToastMessage.swift; sourceTree = "<group>"; };
		548FC68B2C2177E8003866A9 /* ReviewDetailView.swift */ = {isa = PBXFileReference; lastKnownFileType = sourcecode.swift; path = ReviewDetailView.swift; sourceTree = "<group>"; };
		549B1F8B2C0607C7005C9432 /* Cheffi.app */ = {isa = PBXFileReference; explicitFileType = wrapper.application; includeInIndex = 0; path = Cheffi.app; sourceTree = BUILT_PRODUCTS_DIR; };
		549B1F8E2C0607C7005C9432 /* CheffiApp.swift */ = {isa = PBXFileReference; lastKnownFileType = sourcecode.swift; path = CheffiApp.swift; sourceTree = "<group>"; };
		549B1F902C0607C7005C9432 /* ContentView.swift */ = {isa = PBXFileReference; lastKnownFileType = sourcecode.swift; path = ContentView.swift; sourceTree = "<group>"; };
		549B1F922C0607C9005C9432 /* Assets.xcassets */ = {isa = PBXFileReference; lastKnownFileType = folder.assetcatalog; path = Assets.xcassets; sourceTree = "<group>"; };
		549B1F952C0607C9005C9432 /* Preview Assets.xcassets */ = {isa = PBXFileReference; lastKnownFileType = folder.assetcatalog; path = "Preview Assets.xcassets"; sourceTree = "<group>"; };
		549B1F9B2C0607C9005C9432 /* CheffiTests.xctest */ = {isa = PBXFileReference; explicitFileType = wrapper.cfbundle; includeInIndex = 0; path = CheffiTests.xctest; sourceTree = BUILT_PRODUCTS_DIR; };
		549B1F9F2C0607C9005C9432 /* CheffiTests.swift */ = {isa = PBXFileReference; lastKnownFileType = sourcecode.swift; path = CheffiTests.swift; sourceTree = "<group>"; };
		549B1FA52C0607C9005C9432 /* CheffiUITests.xctest */ = {isa = PBXFileReference; explicitFileType = wrapper.cfbundle; includeInIndex = 0; path = CheffiUITests.xctest; sourceTree = BUILT_PRODUCTS_DIR; };
		549B1FA92C0607C9005C9432 /* CheffiUITests.swift */ = {isa = PBXFileReference; lastKnownFileType = sourcecode.swift; path = CheffiUITests.swift; sourceTree = "<group>"; };
		549B1FAB2C0607C9005C9432 /* CheffiUITestsLaunchTests.swift */ = {isa = PBXFileReference; lastKnownFileType = sourcecode.swift; path = CheffiUITestsLaunchTests.swift; sourceTree = "<group>"; };
		549B1FD42C0618D7005C9432 /* FontExtension.swift */ = {isa = PBXFileReference; lastKnownFileType = sourcecode.swift; path = FontExtension.swift; sourceTree = "<group>"; };
		549B1FD62C061A68005C9432 /* Info.plist */ = {isa = PBXFileReference; fileEncoding = 4; lastKnownFileType = text.plist.xml; path = Info.plist; sourceTree = "<group>"; };
		549B1FDA2C061CE3005C9432 /* ColorExtension.swift */ = {isa = PBXFileReference; lastKnownFileType = sourcecode.swift; path = ColorExtension.swift; sourceTree = "<group>"; };
		54C30E302C47EDDE00DA6FF8 /* FirstAppearModifer.swift */ = {isa = PBXFileReference; fileEncoding = 4; lastKnownFileType = sourcecode.swift; path = FirstAppearModifer.swift; sourceTree = "<group>"; };
		54DF6D982C1D61140031E95B /* HomeCheffiPlaceFeature.swift */ = {isa = PBXFileReference; lastKnownFileType = sourcecode.swift; path = HomeCheffiPlaceFeature.swift; sourceTree = "<group>"; };
		54DF6D9A2C1D611C0031E95B /* HomeCheffiPlaceView.swift */ = {isa = PBXFileReference; lastKnownFileType = sourcecode.swift; path = HomeCheffiPlaceView.swift; sourceTree = "<group>"; };
		54E285F92C2FE28700AD7939 /* TagsModel.swift */ = {isa = PBXFileReference; lastKnownFileType = sourcecode.swift; path = TagsModel.swift; sourceTree = "<group>"; };
		54F217A82C2BC42A00892DBD /* ScrollViewOffset.swift */ = {isa = PBXFileReference; fileEncoding = 4; lastKnownFileType = sourcecode.swift; path = ScrollViewOffset.swift; sourceTree = "<group>"; };
		54F217AA2C2D2F1B00892DBD /* ReviewModel.swift */ = {isa = PBXFileReference; lastKnownFileType = sourcecode.swift; path = ReviewModel.swift; sourceTree = "<group>"; };
		54F217AC2C2D2FDB00892DBD /* Photo.swift */ = {isa = PBXFileReference; lastKnownFileType = sourcecode.swift; path = Photo.swift; sourceTree = "<group>"; };
		A611D9D02C187D6500ABF38C /* EndPoint.swift */ = {isa = PBXFileReference; lastKnownFileType = sourcecode.swift; path = EndPoint.swift; sourceTree = "<group>"; };
		A611D9D22C187D7800ABF38C /* RestRouter.swift */ = {isa = PBXFileReference; lastKnownFileType = sourcecode.swift; path = RestRouter.swift; sourceTree = "<group>"; };
		A611D9D42C187D8400ABF38C /* NetworkClient.swift */ = {isa = PBXFileReference; lastKnownFileType = sourcecode.swift; path = NetworkClient.swift; sourceTree = "<group>"; };
		A61FC3C92C3D689200C732C6 /* RestErrorResponse.swift */ = {isa = PBXFileReference; lastKnownFileType = sourcecode.swift; path = RestErrorResponse.swift; sourceTree = "<group>"; };
		A61FC3CC2C3D68D900C732C6 /* CheffiError.swift */ = {isa = PBXFileReference; lastKnownFileType = sourcecode.swift; path = CheffiError.swift; sourceTree = "<group>"; };
		A61FC3CE2C3D68E200C732C6 /* DataRequest+Response.swift */ = {isa = PBXFileReference; lastKnownFileType = sourcecode.swift; path = "DataRequest+Response.swift"; sourceTree = "<group>"; };
		A62EEAD82C2D9BA000926242 /* LaunchScreenFeature.swift */ = {isa = PBXFileReference; lastKnownFileType = sourcecode.swift; path = LaunchScreenFeature.swift; sourceTree = "<group>"; };
		A64056C72C6398B70045B127 /* RepresentableWebView.swift */ = {isa = PBXFileReference; lastKnownFileType = sourcecode.swift; path = RepresentableWebView.swift; sourceTree = "<group>"; };
		A64056CA2C6399290045B127 /* WebView.swift */ = {isa = PBXFileReference; lastKnownFileType = sourcecode.swift; path = WebView.swift; sourceTree = "<group>"; };
		A64056CC2C6399340045B127 /* WebFeature.swift */ = {isa = PBXFileReference; lastKnownFileType = sourcecode.swift; path = WebFeature.swift; sourceTree = "<group>"; };
		A66AB5D72C63B2470035A361 /* NavigationBarModifier.swift */ = {isa = PBXFileReference; lastKnownFileType = sourcecode.swift; path = NavigationBarModifier.swift; sourceTree = "<group>"; };
		A670024D2C5CA61E00B7F336 /* URLParameterEncoding.swift */ = {isa = PBXFileReference; lastKnownFileType = sourcecode.swift; path = URLParameterEncoding.swift; sourceTree = "<group>"; };
		A67677E92C1730C60089A269 /* Debug.xcconfig */ = {isa = PBXFileReference; lastKnownFileType = text.xcconfig; path = Debug.xcconfig; sourceTree = "<group>"; };
		A67677F22C1738EF0089A269 /* AppEnvironment.swift */ = {isa = PBXFileReference; lastKnownFileType = sourcecode.swift; path = AppEnvironment.swift; sourceTree = "<group>"; };
		A67677F62C1740230089A269 /* Secrets.xcconfig */ = {isa = PBXFileReference; lastKnownFileType = text.xcconfig; path = Secrets.xcconfig; sourceTree = "<group>"; };
		A67677F72C1740600089A269 /* Release.xcconfig */ = {isa = PBXFileReference; lastKnownFileType = text.xcconfig; path = Release.xcconfig; sourceTree = "<group>"; };
		A678A4842C2C5F0800A3D16B /* Launch Screen.storyboard */ = {isa = PBXFileReference; lastKnownFileType = file.storyboard; path = "Launch Screen.storyboard"; sourceTree = "<group>"; };
		A678A4872C2C632F00A3D16B /* LaunchScreenView.swift */ = {isa = PBXFileReference; lastKnownFileType = sourcecode.swift; path = LaunchScreenView.swift; sourceTree = "<group>"; };
		A6801E592C417DDA00471691 /* LoginFeature.swift */ = {isa = PBXFileReference; lastKnownFileType = sourcecode.swift; path = LoginFeature.swift; sourceTree = "<group>"; };
		A681E99D2C4FDF7D00B796AA /* TermsView.swift */ = {isa = PBXFileReference; lastKnownFileType = sourcecode.swift; path = TermsView.swift; sourceTree = "<group>"; };
		A681E99F2C4FDF8400B796AA /* TermsFeature.swift */ = {isa = PBXFileReference; lastKnownFileType = sourcecode.swift; path = TermsFeature.swift; sourceTree = "<group>"; };
		A688B0AA2C29B68600E4E3A2 /* RestResponse.swift */ = {isa = PBXFileReference; lastKnownFileType = sourcecode.swift; path = RestResponse.swift; sourceTree = "<group>"; };
		A688B0AC2C29B68E00E4E3A2 /* LoginKakaoModel.swift */ = {isa = PBXFileReference; lastKnownFileType = sourcecode.swift; path = LoginKakaoModel.swift; sourceTree = "<group>"; };
		A688B0AF2C29B6A800E4E3A2 /* Authority.swift */ = {isa = PBXFileReference; lastKnownFileType = sourcecode.swift; path = Authority.swift; sourceTree = "<group>"; };
		A69989FB2C47FF8700850EE7 /* RootView.swift */ = {isa = PBXFileReference; lastKnownFileType = sourcecode.swift; path = RootView.swift; sourceTree = "<group>"; };
		A69989FD2C47FF8D00850EE7 /* RootFeature.swift */ = {isa = PBXFileReference; lastKnownFileType = sourcecode.swift; path = RootFeature.swift; sourceTree = "<group>"; };
		A6DC44172C5C98E200423B90 /* OtherProfileModel.swift */ = {isa = PBXFileReference; lastKnownFileType = sourcecode.swift; path = OtherProfileModel.swift; sourceTree = "<group>"; };
		A6F5E6C72C1B21630053C2E8 /* NetworkRequestInterceptor.swift */ = {isa = PBXFileReference; lastKnownFileType = sourcecode.swift; path = NetworkRequestInterceptor.swift; sourceTree = "<group>"; };
		A6F5E6CB2C1B22C00053C2E8 /* NetworkEventLogger.swift */ = {isa = PBXFileReference; lastKnownFileType = sourcecode.swift; path = NetworkEventLogger.swift; sourceTree = "<group>"; };
		A6F5E6CD2C1B2BA80053C2E8 /* DataExtension.swift */ = {isa = PBXFileReference; lastKnownFileType = sourcecode.swift; path = DataExtension.swift; sourceTree = "<group>"; };
		A6F5E6D02C2065750053C2E8 /* LoginView.swift */ = {isa = PBXFileReference; lastKnownFileType = sourcecode.swift; path = LoginView.swift; sourceTree = "<group>"; };
		A6F5E6E72C245EBD0053C2E8 /* KakaoAuthClient.swift */ = {isa = PBXFileReference; lastKnownFileType = sourcecode.swift; path = KakaoAuthClient.swift; sourceTree = "<group>"; };
		A6F5E6EA2C246A670053C2E8 /* KakaoTokenVerifier.swift */ = {isa = PBXFileReference; lastKnownFileType = sourcecode.swift; path = KakaoTokenVerifier.swift; sourceTree = "<group>"; };
		A6F5E6EC2C246A750053C2E8 /* KakaoLoginHandler.swift */ = {isa = PBXFileReference; lastKnownFileType = sourcecode.swift; path = KakaoLoginHandler.swift; sourceTree = "<group>"; };
		A6F5E6F82C280AC00053C2E8 /* RestRouter+EndPoint.swift */ = {isa = PBXFileReference; lastKnownFileType = sourcecode.swift; path = "RestRouter+EndPoint.swift"; sourceTree = "<group>"; };
		A6F5E6FA2C280AD00053C2E8 /* RestRouter+Path.swift */ = {isa = PBXFileReference; lastKnownFileType = sourcecode.swift; path = "RestRouter+Path.swift"; sourceTree = "<group>"; };
		A6F5E6FD2C284D350053C2E8 /* TokenStorageEventMonitor.swift */ = {isa = PBXFileReference; lastKnownFileType = sourcecode.swift; path = TokenStorageEventMonitor.swift; sourceTree = "<group>"; };
		A6F5E6FF2C284E400053C2E8 /* KeychainManager.swift */ = {isa = PBXFileReference; lastKnownFileType = sourcecode.swift; path = KeychainManager.swift; sourceTree = "<group>"; };
/* End PBXFileReference section */

/* Begin PBXFrameworksBuildPhase section */
		549B1F882C0607C7005C9432 /* Frameworks */ = {
			isa = PBXFrameworksBuildPhase;
			buildActionMask = 2147483647;
			files = (
				54073B802C0CBC6500597973 /* ComposableArchitecture in Frameworks */,
				A611D9DB2C187F6000ABF38C /* Alamofire in Frameworks */,
				54F217B22C2D685400892DBD /* Kingfisher in Frameworks */,
				A6F5E6DD2C23213D0053C2E8 /* KakaoSDK in Frameworks */,
				A61FC3D22C3D849700C732C6 /* AnyCodable in Frameworks */,
				A6F5E6E12C23215B0053C2E8 /* KakaoSDKUser in Frameworks */,
				A6F5E6E32C23215F0053C2E8 /* KakaoSDKCommon in Frameworks */,
				A6F5E6DF2C23213F0053C2E8 /* KakaoSDKAuth in Frameworks */,
			);
			runOnlyForDeploymentPostprocessing = 0;
		};
		549B1F982C0607C9005C9432 /* Frameworks */ = {
			isa = PBXFrameworksBuildPhase;
			buildActionMask = 2147483647;
			files = (
			);
			runOnlyForDeploymentPostprocessing = 0;
		};
		549B1FA22C0607C9005C9432 /* Frameworks */ = {
			isa = PBXFrameworksBuildPhase;
			buildActionMask = 2147483647;
			files = (
			);
			runOnlyForDeploymentPostprocessing = 0;
		};
/* End PBXFrameworksBuildPhase section */

/* Begin PBXGroup section */
		54073B7B2C0C55C400597973 /* Home */ = {
			isa = PBXGroup;
			children = (
				54073B7C2C0C564700597973 /* HomeView.swift */,
				54073B862C0D90B400597973 /* NavigationBar */,
				54073B812C0D904200597973 /* Popular */,
				543F0AE22C10261B00DFBDB1 /* CheffiStory */,
				54DF6D972C1D60EB0031E95B /* CheffiPlace */,
			);
			path = Home;
			sourceTree = "<group>";
		};
		54073B812C0D904200597973 /* Popular */ = {
			isa = PBXGroup;
			children = (
				54073B892C0D932D00597973 /* HomePopularView.swift */,
				54073B822C0D906300597973 /* HomePopularFeature.swift */,
			);
			path = Popular;
			sourceTree = "<group>";
		};
		54073B862C0D90B400597973 /* NavigationBar */ = {
			isa = PBXGroup;
			children = (
				54073B842C0D908200597973 /* NavigationBarView.swift */,
				54073B872C0D913800597973 /* NavigationBarFeature.swift */,
			);
			path = NavigationBar;
			sourceTree = "<group>";
		};
		541930472C3D49550080CA57 /* AllReviewView */ = {
			isa = PBXGroup;
			children = (
				541930482C3D49640080CA57 /* AllReviewView.swift */,
				5419304A2C3D497D0080CA57 /* AllReviewFeature.swift */,
			);
			path = AllReviewView;
			sourceTree = "<group>";
		};
		543F0AE22C10261B00DFBDB1 /* CheffiStory */ = {
			isa = PBXGroup;
			children = (
				543F0AE32C10263100DFBDB1 /* HomeCheffiStoryView.swift */,
				543F0AE52C10264800DFBDB1 /* HomeCheffiStoryFeature.swift */,
			);
			path = CheffiStory;
			sourceTree = "<group>";
		};
		547B4BC72C4566D400C4B1B4 /* Main */ = {
			isa = PBXGroup;
			children = (
				544BB7662C168F8400BD43E0 /* MainTabView.swift */,
				547B4BC82C4566F300C4B1B4 /* MainTabFeature.swift */,
			);
			path = Main;
			sourceTree = "<group>";
		};
		548BC05D2C086A8F00A73F66 /* Application */ = {
			isa = PBXGroup;
			children = (
				548BC05E2C086A9600A73F66 /* Source */,
				548BC05F2C086A9A00A73F66 /* Resource */,
			);
			path = Application;
			sourceTree = "<group>";
		};
		548BC05E2C086A9600A73F66 /* Source */ = {
			isa = PBXGroup;
			children = (
				549B1F8E2C0607C7005C9432 /* CheffiApp.swift */,
				A67677F22C1738EF0089A269 /* AppEnvironment.swift */,
			);
			path = Source;
			sourceTree = "<group>";
		};
		548BC05F2C086A9A00A73F66 /* Resource */ = {
			isa = PBXGroup;
			children = (
				549B1FD62C061A68005C9432 /* Info.plist */,
				549B1F922C0607C9005C9432 /* Assets.xcassets */,
				A678A4842C2C5F0800A3D16B /* Launch Screen.storyboard */,
				A67677F82C1740790089A269 /* Environment */,
				549B1FC72C0617C6005C9432 /* Fonts */,
			);
			path = Resource;
			sourceTree = "<group>";
		};
		548BC0602C086AC500A73F66 /* Module */ = {
			isa = PBXGroup;
			children = (
				548BC06B2C086B4000A73F66 /* Component */,
				548BC06D2C086B4D00A73F66 /* Feature */,
			);
			path = Module;
			sourceTree = "<group>";
		};
		548BC0612C086AD500A73F66 /* Network */ = {
			isa = PBXGroup;
			children = (
				A61FC3CB2C3D68C600C732C6 /* Component */,
				A6F5E6FC2C280AF60053C2E8 /* EndPoint */,
				A611D9D42C187D8400ABF38C /* NetworkClient.swift */,
				A6F5E6C72C1B21630053C2E8 /* NetworkRequestInterceptor.swift */,
				A6F5E6CB2C1B22C00053C2E8 /* NetworkEventLogger.swift */,
				A6F5E6FD2C284D350053C2E8 /* TokenStorageEventMonitor.swift */,
			);
			path = Network;
			sourceTree = "<group>";
		};
		548BC0622C086ADE00A73F66 /* View */ = {
			isa = PBXGroup;
			children = (
				A66AB5D62C63B20D0035A361 /* Modifier */,
				54073B8B2C0D98E400597973 /* ReviewCell.swift */,
				540BE9B32C231036009180AE /* WriterRow.swift */,
				A64056C72C6398B70045B127 /* RepresentableWebView.swift */,
			);
			path = View;
			sourceTree = "<group>";
		};
		548BC0632C086AE300A73F66 /* Util */ = {
			isa = PBXGroup;
			children = (
				54C30E302C47EDDE00DA6FF8 /* FirstAppearModifer.swift */,
				54F217A82C2BC42A00892DBD /* ScrollViewOffset.swift */,
				A6F5E6FF2C284E400053C2E8 /* KeychainManager.swift */,
				5488EDD32C3E66D700252A92 /* ToastMessage.swift */,
			);
			path = Util;
			sourceTree = "<group>";
		};
		548BC06B2C086B4000A73F66 /* Component */ = {
			isa = PBXGroup;
			children = (
				A688B0A92C29B67600E4E3A2 /* Models */,
				548BC0622C086ADE00A73F66 /* View */,
				548BC0632C086AE300A73F66 /* Util */,
				549B1FD32C0618B7005C9432 /* Extensions */,
			);
			path = Component;
			sourceTree = "<group>";
		};
		548BC06D2C086B4D00A73F66 /* Feature */ = {
			isa = PBXGroup;
			children = (
				A69989FA2C47FF1400850EE7 /* Root */,
				547B4BC72C4566D400C4B1B4 /* Main */,
				A681E99C2C4FDF6500B796AA /* Terms */,
				54073B7B2C0C55C400597973 /* Home */,
				A678A4862C2C626E00A3D16B /* LaunchScreen */,
				A6F5E6CF2C2065420053C2E8 /* LoginView */,
				A64056C92C6399090045B127 /* Web */,
				549B1F902C0607C7005C9432 /* ContentView.swift */,
				548FC68A2C2177C1003866A9 /* Review */,
				541930472C3D49550080CA57 /* AllReviewView */,
			);
			path = Feature;
			sourceTree = "<group>";
		};
		548FC68A2C2177C1003866A9 /* Review */ = {
			isa = PBXGroup;
			children = (
				548FC68B2C2177E8003866A9 /* ReviewDetailView.swift */,
				540BE9AF2C22C607009180AE /* ReviewDetailFeature.swift */,
			);
			path = Review;
			sourceTree = "<group>";
		};
		549B1F822C0607C7005C9432 = {
			isa = PBXGroup;
			children = (
				549B1F8D2C0607C7005C9432 /* Cheffi */,
				549B1F9E2C0607C9005C9432 /* CheffiTests */,
				549B1FA82C0607C9005C9432 /* CheffiUITests */,
				549B1F8C2C0607C7005C9432 /* Products */,
				A611D9D92C187F6000ABF38C /* Frameworks */,
				54F217A72C2BC40900892DBD /* Recovered References */,
			);
			sourceTree = "<group>";
		};
		549B1F8C2C0607C7005C9432 /* Products */ = {
			isa = PBXGroup;
			children = (
				549B1F8B2C0607C7005C9432 /* Cheffi.app */,
				549B1F9B2C0607C9005C9432 /* CheffiTests.xctest */,
				549B1FA52C0607C9005C9432 /* CheffiUITests.xctest */,
			);
			name = Products;
			sourceTree = "<group>";
		};
		549B1F8D2C0607C7005C9432 /* Cheffi */ = {
			isa = PBXGroup;
			children = (
				548BC05D2C086A8F00A73F66 /* Application */,
				548BC0602C086AC500A73F66 /* Module */,
				A6F5E6E42C2324980053C2E8 /* Auth */,
				548BC0612C086AD500A73F66 /* Network */,
				549B1F942C0607C9005C9432 /* Preview Content */,
			);
			path = Cheffi;
			sourceTree = "<group>";
		};
		549B1F942C0607C9005C9432 /* Preview Content */ = {
			isa = PBXGroup;
			children = (
				549B1F952C0607C9005C9432 /* Preview Assets.xcassets */,
			);
			path = "Preview Content";
			sourceTree = "<group>";
		};
		549B1F9E2C0607C9005C9432 /* CheffiTests */ = {
			isa = PBXGroup;
			children = (
				549B1F9F2C0607C9005C9432 /* CheffiTests.swift */,
			);
			path = CheffiTests;
			sourceTree = "<group>";
		};
		549B1FA82C0607C9005C9432 /* CheffiUITests */ = {
			isa = PBXGroup;
			children = (
				549B1FA92C0607C9005C9432 /* CheffiUITests.swift */,
				549B1FAB2C0607C9005C9432 /* CheffiUITestsLaunchTests.swift */,
			);
			path = CheffiUITests;
			sourceTree = "<group>";
		};
		549B1FC72C0617C6005C9432 /* Fonts */ = {
			isa = PBXGroup;
			children = (
				54588AD22C074CF8000DD5A9 /* SUIT-Bold.otf */,
				54588AD52C074CF9000DD5A9 /* SUIT-ExtraBold.otf */,
				54588AD32C074CF8000DD5A9 /* SUIT-Medium.otf */,
				54588AD42C074CF9000DD5A9 /* SUIT-Regular.otf */,
				54588AD62C074CF9000DD5A9 /* SUIT-SemiBold.otf */,
			);
			path = Fonts;
			sourceTree = "<group>";
		};
		549B1FD32C0618B7005C9432 /* Extensions */ = {
			isa = PBXGroup;
			children = (
				549B1FD42C0618D7005C9432 /* FontExtension.swift */,
				549B1FDA2C061CE3005C9432 /* ColorExtension.swift */,
				54073B6B2C0C474200597973 /* ImageExtension.swift */,
				544BB7682C1699C800BD43E0 /* UIImageExtension.swift */,
				A6F5E6CD2C1B2BA80053C2E8 /* DataExtension.swift */,
				541930582C3D8BEC0080CA57 /* StringExtension.swift */,
				5488EDD12C3E534700252A92 /* ViewExtension.swift */,
				5433CAA02C42A647005B62F2 /* IntExtension.swift */,
			);
			path = Extensions;
			sourceTree = "<group>";
		};
		54DF6D972C1D60EB0031E95B /* CheffiPlace */ = {
			isa = PBXGroup;
			children = (
				54DF6D9A2C1D611C0031E95B /* HomeCheffiPlaceView.swift */,
				54DF6D982C1D61140031E95B /* HomeCheffiPlaceFeature.swift */,
			);
			path = CheffiPlace;
			sourceTree = "<group>";
		};
		54F217A72C2BC40900892DBD /* Recovered References */ = {
			isa = PBXGroup;
			children = (
				540BE9B12C22C853009180AE /* ScrollViewOffset.swift */,
			);
			name = "Recovered References";
			sourceTree = "<group>";
		};
		A611D9D92C187F6000ABF38C /* Frameworks */ = {
			isa = PBXGroup;
			children = (
			);
			name = Frameworks;
			sourceTree = "<group>";
		};
		A61FC3CB2C3D68C600C732C6 /* Component */ = {
			isa = PBXGroup;
			children = (
				A61FC3CC2C3D68D900C732C6 /* CheffiError.swift */,
				A670024D2C5CA61E00B7F336 /* URLParameterEncoding.swift */,
				A61FC3CE2C3D68E200C732C6 /* DataRequest+Response.swift */,
			);
			path = Component;
			sourceTree = "<group>";
		};
		A64056C92C6399090045B127 /* Web */ = {
			isa = PBXGroup;
			children = (
				A64056CA2C6399290045B127 /* WebView.swift */,
				A64056CC2C6399340045B127 /* WebFeature.swift */,
			);
			path = Web;
			sourceTree = "<group>";
		};
		A66AB5D62C63B20D0035A361 /* Modifier */ = {
			isa = PBXGroup;
			children = (
				A66AB5D72C63B2470035A361 /* NavigationBarModifier.swift */,
			);
			path = Modifier;
			sourceTree = "<group>";
		};
		A67677F82C1740790089A269 /* Environment */ = {
			isa = PBXGroup;
			children = (
				A67677E92C1730C60089A269 /* Debug.xcconfig */,
				A67677F72C1740600089A269 /* Release.xcconfig */,
				A67677F62C1740230089A269 /* Secrets.xcconfig */,
			);
			path = Environment;
			sourceTree = "<group>";
		};
		A678A4862C2C626E00A3D16B /* LaunchScreen */ = {
			isa = PBXGroup;
			children = (
				A678A4872C2C632F00A3D16B /* LaunchScreenView.swift */,
				A62EEAD82C2D9BA000926242 /* LaunchScreenFeature.swift */,
			);
			path = LaunchScreen;
			sourceTree = "<group>";
		};
		A681E99C2C4FDF6500B796AA /* Terms */ = {
			isa = PBXGroup;
			children = (
				A681E99D2C4FDF7D00B796AA /* TermsView.swift */,
				A681E99F2C4FDF8400B796AA /* TermsFeature.swift */,
			);
			path = Terms;
			sourceTree = "<group>";
		};
		A688B0A92C29B67600E4E3A2 /* Models */ = {
			isa = PBXGroup;
			children = (
				A688B0AA2C29B68600E4E3A2 /* RestResponse.swift */,
				A61FC3C92C3D689200C732C6 /* RestErrorResponse.swift */,
				A688B0AC2C29B68E00E4E3A2 /* LoginKakaoModel.swift */,
				54F217AA2C2D2F1B00892DBD /* ReviewModel.swift */,
				A6DC44172C5C98E200423B90 /* OtherProfileModel.swift */,
				54E285F92C2FE28700AD7939 /* TagsModel.swift */,
				5419304C2C3D798A0080CA57 /* ReviewDetailModel.swift */,
				A688B0AE2C29B69600E4E3A2 /* Objects */,
			);
			path = Models;
			sourceTree = "<group>";
		};
		A688B0AE2C29B69600E4E3A2 /* Objects */ = {
			isa = PBXGroup;
			children = (
				A688B0AF2C29B6A800E4E3A2 /* Authority.swift */,
				54F217AC2C2D2FDB00892DBD /* Photo.swift */,
				5419304E2C3D7B030080CA57 /* Restaurant.swift */,
				541930502C3D7B160080CA57 /* Address.swift */,
				541930522C3D7B200080CA57 /* Writer.swift */,
				541930542C3D7B2E0080CA57 /* Ratings.swift */,
				541930562C3D7B410080CA57 /* Menu.swift */,
				541D2A802C4FB08C00488999 /* PhotoInfo.swift */,
			);
			path = Objects;
			sourceTree = "<group>";
		};
		A69989FA2C47FF1400850EE7 /* Root */ = {
			isa = PBXGroup;
			children = (
				A69989FB2C47FF8700850EE7 /* RootView.swift */,
				A69989FD2C47FF8D00850EE7 /* RootFeature.swift */,
			);
			path = Root;
			sourceTree = "<group>";
		};
		A6F5E6CF2C2065420053C2E8 /* LoginView */ = {
			isa = PBXGroup;
			children = (
				A6F5E6D02C2065750053C2E8 /* LoginView.swift */,
				A6801E592C417DDA00471691 /* LoginFeature.swift */,
			);
			path = LoginView;
			sourceTree = "<group>";
		};
		A6F5E6E42C2324980053C2E8 /* Auth */ = {
			isa = PBXGroup;
			children = (
				A6F5E6E92C246A480053C2E8 /* Kakao */,
			);
			path = Auth;
			sourceTree = "<group>";
		};
		A6F5E6E92C246A480053C2E8 /* Kakao */ = {
			isa = PBXGroup;
			children = (
				A6F5E6E72C245EBD0053C2E8 /* KakaoAuthClient.swift */,
				A6F5E6EA2C246A670053C2E8 /* KakaoTokenVerifier.swift */,
				A6F5E6EC2C246A750053C2E8 /* KakaoLoginHandler.swift */,
			);
			path = Kakao;
			sourceTree = "<group>";
		};
		A6F5E6FC2C280AF60053C2E8 /* EndPoint */ = {
			isa = PBXGroup;
			children = (
				A611D9D02C187D6500ABF38C /* EndPoint.swift */,
				A611D9D22C187D7800ABF38C /* RestRouter.swift */,
				A6F5E6F82C280AC00053C2E8 /* RestRouter+EndPoint.swift */,
				A6F5E6FA2C280AD00053C2E8 /* RestRouter+Path.swift */,
			);
			path = EndPoint;
			sourceTree = "<group>";
		};
/* End PBXGroup section */

/* Begin PBXNativeTarget section */
		549B1F8A2C0607C7005C9432 /* Cheffi */ = {
			isa = PBXNativeTarget;
			buildConfigurationList = 549B1FAF2C0607C9005C9432 /* Build configuration list for PBXNativeTarget "Cheffi" */;
			buildPhases = (
				549B1F872C0607C7005C9432 /* Sources */,
				549B1F882C0607C7005C9432 /* Frameworks */,
				549B1F892C0607C7005C9432 /* Resources */,
			);
			buildRules = (
			);
			dependencies = (
			);
			name = Cheffi;
			packageProductDependencies = (
				54073B7F2C0CBC6500597973 /* ComposableArchitecture */,
				A611D9DA2C187F6000ABF38C /* Alamofire */,
				A6F5E6DC2C23213D0053C2E8 /* KakaoSDK */,
				A6F5E6DE2C23213F0053C2E8 /* KakaoSDKAuth */,
				A6F5E6E02C23215B0053C2E8 /* KakaoSDKUser */,
				A6F5E6E22C23215F0053C2E8 /* KakaoSDKCommon */,
				54F217B12C2D685400892DBD /* Kingfisher */,
				A61FC3D12C3D849700C732C6 /* AnyCodable */,
			);
			productName = Cheffi;
			productReference = 549B1F8B2C0607C7005C9432 /* Cheffi.app */;
			productType = "com.apple.product-type.application";
		};
		549B1F9A2C0607C9005C9432 /* CheffiTests */ = {
			isa = PBXNativeTarget;
			buildConfigurationList = 549B1FB22C0607C9005C9432 /* Build configuration list for PBXNativeTarget "CheffiTests" */;
			buildPhases = (
				549B1F972C0607C9005C9432 /* Sources */,
				549B1F982C0607C9005C9432 /* Frameworks */,
				549B1F992C0607C9005C9432 /* Resources */,
			);
			buildRules = (
			);
			dependencies = (
				549B1F9D2C0607C9005C9432 /* PBXTargetDependency */,
			);
			name = CheffiTests;
			productName = CheffiTests;
			productReference = 549B1F9B2C0607C9005C9432 /* CheffiTests.xctest */;
			productType = "com.apple.product-type.bundle.unit-test";
		};
		549B1FA42C0607C9005C9432 /* CheffiUITests */ = {
			isa = PBXNativeTarget;
			buildConfigurationList = 549B1FB52C0607C9005C9432 /* Build configuration list for PBXNativeTarget "CheffiUITests" */;
			buildPhases = (
				549B1FA12C0607C9005C9432 /* Sources */,
				549B1FA22C0607C9005C9432 /* Frameworks */,
				549B1FA32C0607C9005C9432 /* Resources */,
			);
			buildRules = (
			);
			dependencies = (
				549B1FA72C0607C9005C9432 /* PBXTargetDependency */,
			);
			name = CheffiUITests;
			productName = CheffiUITests;
			productReference = 549B1FA52C0607C9005C9432 /* CheffiUITests.xctest */;
			productType = "com.apple.product-type.bundle.ui-testing";
		};
/* End PBXNativeTarget section */

/* Begin PBXProject section */
		549B1F832C0607C7005C9432 /* Project object */ = {
			isa = PBXProject;
			attributes = {
				BuildIndependentTargetsInParallel = 1;
				LastSwiftUpdateCheck = 1530;
				LastUpgradeCheck = 1530;
				TargetAttributes = {
					549B1F8A2C0607C7005C9432 = {
						CreatedOnToolsVersion = 15.3;
					};
					549B1F9A2C0607C9005C9432 = {
						CreatedOnToolsVersion = 15.3;
						TestTargetID = 549B1F8A2C0607C7005C9432;
					};
					549B1FA42C0607C9005C9432 = {
						CreatedOnToolsVersion = 15.3;
						TestTargetID = 549B1F8A2C0607C7005C9432;
					};
				};
			};
			buildConfigurationList = 549B1F862C0607C7005C9432 /* Build configuration list for PBXProject "Cheffi" */;
			compatibilityVersion = "Xcode 14.0";
			developmentRegion = en;
			hasScannedForEncodings = 0;
			knownRegions = (
				en,
				Base,
			);
			mainGroup = 549B1F822C0607C7005C9432;
			packageReferences = (
				54073B7E2C0CBC6500597973 /* XCRemoteSwiftPackageReference "swift-composable-architecture" */,
				A611D9D82C187F5600ABF38C /* XCRemoteSwiftPackageReference "Alamofire" */,
				A6F5E6DB2C2321360053C2E8 /* XCRemoteSwiftPackageReference "kakao-ios-sdk" */,
				54F217B02C2D685400892DBD /* XCRemoteSwiftPackageReference "Kingfisher" */,
				A61FC3D02C3D848B00C732C6 /* XCRemoteSwiftPackageReference "AnyCodable" */,
			);
			productRefGroup = 549B1F8C2C0607C7005C9432 /* Products */;
			projectDirPath = "";
			projectRoot = "";
			targets = (
				549B1F8A2C0607C7005C9432 /* Cheffi */,
				549B1F9A2C0607C9005C9432 /* CheffiTests */,
				549B1FA42C0607C9005C9432 /* CheffiUITests */,
			);
		};
/* End PBXProject section */

/* Begin PBXResourcesBuildPhase section */
		549B1F892C0607C7005C9432 /* Resources */ = {
			isa = PBXResourcesBuildPhase;
			buildActionMask = 2147483647;
			files = (
				54588AD72C074CF9000DD5A9 /* SUIT-Bold.otf in Resources */,
				54588AD82C074CF9000DD5A9 /* SUIT-Medium.otf in Resources */,
				A678A4852C2C5F0800A3D16B /* Launch Screen.storyboard in Resources */,
				549B1F962C0607C9005C9432 /* Preview Assets.xcassets in Resources */,
				54588AD92C074CF9000DD5A9 /* SUIT-Regular.otf in Resources */,
				54588ADB2C074CF9000DD5A9 /* SUIT-SemiBold.otf in Resources */,
				54588ADA2C074CF9000DD5A9 /* SUIT-ExtraBold.otf in Resources */,
				549B1F932C0607C9005C9432 /* Assets.xcassets in Resources */,
			);
			runOnlyForDeploymentPostprocessing = 0;
		};
		549B1F992C0607C9005C9432 /* Resources */ = {
			isa = PBXResourcesBuildPhase;
			buildActionMask = 2147483647;
			files = (
			);
			runOnlyForDeploymentPostprocessing = 0;
		};
		549B1FA32C0607C9005C9432 /* Resources */ = {
			isa = PBXResourcesBuildPhase;
			buildActionMask = 2147483647;
			files = (
			);
			runOnlyForDeploymentPostprocessing = 0;
		};
/* End PBXResourcesBuildPhase section */

/* Begin PBXSourcesBuildPhase section */
		549B1F872C0607C7005C9432 /* Sources */ = {
			isa = PBXSourcesBuildPhase;
			buildActionMask = 2147483647;
			files = (
				541D2A812C4FB08C00488999 /* PhotoInfo.swift in Sources */,
				54F217AD2C2D2FDB00892DBD /* Photo.swift in Sources */,
				5419304F2C3D7B030080CA57 /* Restaurant.swift in Sources */,
				A6801E5A2C417DDA00471691 /* LoginFeature.swift in Sources */,
				A6F5E6ED2C246A750053C2E8 /* KakaoLoginHandler.swift in Sources */,
				54073B7D2C0C564700597973 /* HomeView.swift in Sources */,
				548FC68C2C2177E8003866A9 /* ReviewDetailView.swift in Sources */,
				541930492C3D49640080CA57 /* AllReviewView.swift in Sources */,
				549B1FD52C0618D7005C9432 /* FontExtension.swift in Sources */,
				5488EDD42C3E66D700252A92 /* ToastMessage.swift in Sources */,
				544BB7692C1699C800BD43E0 /* UIImageExtension.swift in Sources */,
				544BB7672C168F8400BD43E0 /* MainTabView.swift in Sources */,
				549B1F912C0607C7005C9432 /* ContentView.swift in Sources */,
				A6F5E6D12C2065750053C2E8 /* LoginView.swift in Sources */,
				54DF6D992C1D61140031E95B /* HomeCheffiPlaceFeature.swift in Sources */,
				A6F5E6D12C2065750053C2E8 /* LoginView.swift in Sources */,
				54073B852C0D908200597973 /* NavigationBarView.swift in Sources */,
				A6F5E6FB2C280AD00053C2E8 /* RestRouter+Path.swift in Sources */,
				A6F5E6FE2C284D350053C2E8 /* TokenStorageEventMonitor.swift in Sources */,
				A61FC3CF2C3D68E200C732C6 /* DataRequest+Response.swift in Sources */,
				549B1F8F2C0607C7005C9432 /* CheffiApp.swift in Sources */,
				A6DC44182C5C98E200423B90 /* OtherProfileModel.swift in Sources */,
				540BE9B42C231036009180AE /* WriterRow.swift in Sources */,
				54073B882C0D913800597973 /* NavigationBarFeature.swift in Sources */,
				A670024E2C5CA61E00B7F336 /* URLParameterEncoding.swift in Sources */,
				5419304B2C3D497D0080CA57 /* AllReviewFeature.swift in Sources */,
				543F0AE42C10263100DFBDB1 /* HomeCheffiStoryView.swift in Sources */,
				547B4BC92C4566F300C4B1B4 /* MainTabFeature.swift in Sources */,
				A6F5E7002C284E400053C2E8 /* KeychainManager.swift in Sources */,
				A611D9D52C187D8400ABF38C /* NetworkClient.swift in Sources */,
				A69989FE2C47FF8D00850EE7 /* RootFeature.swift in Sources */,
				A6F5E6CC2C1B22C00053C2E8 /* NetworkEventLogger.swift in Sources */,
				541930592C3D8BEC0080CA57 /* StringExtension.swift in Sources */,
				A611D9D12C187D6500ABF38C /* EndPoint.swift in Sources */,
				54F217A92C2BC42A00892DBD /* ScrollViewOffset.swift in Sources */,
				A69989FC2C47FF8700850EE7 /* RootView.swift in Sources */,
				54073B8C2C0D98E500597973 /* ReviewCell.swift in Sources */,
				5419304D2C3D798A0080CA57 /* ReviewDetailModel.swift in Sources */,
				543F0AE62C10264800DFBDB1 /* HomeCheffiStoryFeature.swift in Sources */,
				541930532C3D7B200080CA57 /* Writer.swift in Sources */,
				54E285FA2C2FE28700AD7939 /* TagsModel.swift in Sources */,
				A64056CB2C6399290045B127 /* WebView.swift in Sources */,
				A681E99E2C4FDF7D00B796AA /* TermsView.swift in Sources */,
				A681E9A02C4FDF8400B796AA /* TermsFeature.swift in Sources */,
				541930512C3D7B160080CA57 /* Address.swift in Sources */,
				A61FC3CD2C3D68D900C732C6 /* CheffiError.swift in Sources */,
				A64056CD2C6399340045B127 /* WebFeature.swift in Sources */,
				A611D9D32C187D7800ABF38C /* RestRouter.swift in Sources */,
				A62EEAD92C2D9BA000926242 /* LaunchScreenFeature.swift in Sources */,
				A6F5E6F92C280AC00053C2E8 /* RestRouter+EndPoint.swift in Sources */,
				A688B0B02C29B6A800E4E3A2 /* Authority.swift in Sources */,
				549B1FDB2C061CE3005C9432 /* ColorExtension.swift in Sources */,
				A688B0AB2C29B68600E4E3A2 /* RestResponse.swift in Sources */,
				54F217AB2C2D2F1B00892DBD /* ReviewModel.swift in Sources */,
				541930572C3D7B410080CA57 /* Menu.swift in Sources */,
				5433CAA12C42A647005B62F2 /* IntExtension.swift in Sources */,
				541930552C3D7B2E0080CA57 /* Ratings.swift in Sources */,
				A6F5E6E82C245EBD0053C2E8 /* KakaoAuthClient.swift in Sources */,
				5488EDD22C3E534700252A92 /* ViewExtension.swift in Sources */,
				54073B6C2C0C474200597973 /* ImageExtension.swift in Sources */,
				A678A4882C2C632F00A3D16B /* LaunchScreenView.swift in Sources */,
				A6F5E6C82C1B21630053C2E8 /* NetworkRequestInterceptor.swift in Sources */,
				A6F5E6EB2C246A670053C2E8 /* KakaoTokenVerifier.swift in Sources */,
				54073B832C0D906300597973 /* HomePopularFeature.swift in Sources */,
				A64056C82C6398B70045B127 /* RepresentableWebView.swift in Sources */,
				54DF6D9B2C1D611C0031E95B /* HomeCheffiPlaceView.swift in Sources */,
				54073B8A2C0D932D00597973 /* HomePopularView.swift in Sources */,
				A66AB5D82C63B2470035A361 /* NavigationBarModifier.swift in Sources */,
				A688B0AD2C29B68E00E4E3A2 /* LoginKakaoModel.swift in Sources */,
				A6F5E6CE2C1B2BA80053C2E8 /* DataExtension.swift in Sources */,
				A61FC3CA2C3D689200C732C6 /* RestErrorResponse.swift in Sources */,
				54C30E312C47EDDE00DA6FF8 /* FirstAppearModifer.swift in Sources */,
				A67677F32C1738EF0089A269 /* AppEnvironment.swift in Sources */,
				540BE9B02C22C607009180AE /* ReviewDetailFeature.swift in Sources */,
			);
			runOnlyForDeploymentPostprocessing = 0;
		};
		549B1F972C0607C9005C9432 /* Sources */ = {
			isa = PBXSourcesBuildPhase;
			buildActionMask = 2147483647;
			files = (
				549B1FA02C0607C9005C9432 /* CheffiTests.swift in Sources */,
			);
			runOnlyForDeploymentPostprocessing = 0;
		};
		549B1FA12C0607C9005C9432 /* Sources */ = {
			isa = PBXSourcesBuildPhase;
			buildActionMask = 2147483647;
			files = (
				549B1FAA2C0607C9005C9432 /* CheffiUITests.swift in Sources */,
				549B1FAC2C0607C9005C9432 /* CheffiUITestsLaunchTests.swift in Sources */,
			);
			runOnlyForDeploymentPostprocessing = 0;
		};
/* End PBXSourcesBuildPhase section */

/* Begin PBXTargetDependency section */
		549B1F9D2C0607C9005C9432 /* PBXTargetDependency */ = {
			isa = PBXTargetDependency;
			target = 549B1F8A2C0607C7005C9432 /* Cheffi */;
			targetProxy = 549B1F9C2C0607C9005C9432 /* PBXContainerItemProxy */;
		};
		549B1FA72C0607C9005C9432 /* PBXTargetDependency */ = {
			isa = PBXTargetDependency;
			target = 549B1F8A2C0607C7005C9432 /* Cheffi */;
			targetProxy = 549B1FA62C0607C9005C9432 /* PBXContainerItemProxy */;
		};
/* End PBXTargetDependency section */

/* Begin XCBuildConfiguration section */
		549B1FAD2C0607C9005C9432 /* Debug */ = {
			isa = XCBuildConfiguration;
			baseConfigurationReference = A67677E92C1730C60089A269 /* Debug.xcconfig */;
			buildSettings = {
				ALWAYS_SEARCH_USER_PATHS = NO;
				ASSETCATALOG_COMPILER_GENERATE_SWIFT_ASSET_SYMBOL_EXTENSIONS = YES;
				CLANG_ANALYZER_NONNULL = YES;
				CLANG_ANALYZER_NUMBER_OBJECT_CONVERSION = YES_AGGRESSIVE;
				CLANG_CXX_LANGUAGE_STANDARD = "gnu++20";
				CLANG_ENABLE_MODULES = YES;
				CLANG_ENABLE_OBJC_ARC = YES;
				CLANG_ENABLE_OBJC_WEAK = YES;
				CLANG_WARN_BLOCK_CAPTURE_AUTORELEASING = YES;
				CLANG_WARN_BOOL_CONVERSION = YES;
				CLANG_WARN_COMMA = YES;
				CLANG_WARN_CONSTANT_CONVERSION = YES;
				CLANG_WARN_DEPRECATED_OBJC_IMPLEMENTATIONS = YES;
				CLANG_WARN_DIRECT_OBJC_ISA_USAGE = YES_ERROR;
				CLANG_WARN_DOCUMENTATION_COMMENTS = YES;
				CLANG_WARN_EMPTY_BODY = YES;
				CLANG_WARN_ENUM_CONVERSION = YES;
				CLANG_WARN_INFINITE_RECURSION = YES;
				CLANG_WARN_INT_CONVERSION = YES;
				CLANG_WARN_NON_LITERAL_NULL_CONVERSION = YES;
				CLANG_WARN_OBJC_IMPLICIT_RETAIN_SELF = YES;
				CLANG_WARN_OBJC_LITERAL_CONVERSION = YES;
				CLANG_WARN_OBJC_ROOT_CLASS = YES_ERROR;
				CLANG_WARN_QUOTED_INCLUDE_IN_FRAMEWORK_HEADER = YES;
				CLANG_WARN_RANGE_LOOP_ANALYSIS = YES;
				CLANG_WARN_STRICT_PROTOTYPES = YES;
				CLANG_WARN_SUSPICIOUS_MOVE = YES;
				CLANG_WARN_UNGUARDED_AVAILABILITY = YES_AGGRESSIVE;
				CLANG_WARN_UNREACHABLE_CODE = YES;
				CLANG_WARN__DUPLICATE_METHOD_MATCH = YES;
				COPY_PHASE_STRIP = NO;
				DEBUG_INFORMATION_FORMAT = dwarf;
				ENABLE_STRICT_OBJC_MSGSEND = YES;
				ENABLE_TESTABILITY = YES;
				ENABLE_USER_SCRIPT_SANDBOXING = YES;
				GCC_C_LANGUAGE_STANDARD = gnu17;
				GCC_DYNAMIC_NO_PIC = NO;
				GCC_NO_COMMON_BLOCKS = YES;
				GCC_OPTIMIZATION_LEVEL = 0;
				GCC_PREPROCESSOR_DEFINITIONS = (
					"DEBUG=1",
					"$(inherited)",
				);
				GCC_WARN_64_TO_32_BIT_CONVERSION = YES;
				GCC_WARN_ABOUT_RETURN_TYPE = YES_ERROR;
				GCC_WARN_UNDECLARED_SELECTOR = YES;
				GCC_WARN_UNINITIALIZED_AUTOS = YES_AGGRESSIVE;
				GCC_WARN_UNUSED_FUNCTION = YES;
				GCC_WARN_UNUSED_VARIABLE = YES;
				IPHONEOS_DEPLOYMENT_TARGET = 16.0;
				LOCALIZATION_PREFERS_STRING_CATALOGS = YES;
				MTL_ENABLE_DEBUG_INFO = INCLUDE_SOURCE;
				MTL_FAST_MATH = YES;
				ONLY_ACTIVE_ARCH = YES;
				SDKROOT = iphoneos;
				SWIFT_ACTIVE_COMPILATION_CONDITIONS = "DEBUG $(inherited)";
				SWIFT_OPTIMIZATION_LEVEL = "-Onone";
			};
			name = Debug;
		};
		549B1FAE2C0607C9005C9432 /* Release */ = {
			isa = XCBuildConfiguration;
			baseConfigurationReference = A67677F72C1740600089A269 /* Release.xcconfig */;
			buildSettings = {
				ALWAYS_SEARCH_USER_PATHS = NO;
				ASSETCATALOG_COMPILER_GENERATE_SWIFT_ASSET_SYMBOL_EXTENSIONS = YES;
				CLANG_ANALYZER_NONNULL = YES;
				CLANG_ANALYZER_NUMBER_OBJECT_CONVERSION = YES_AGGRESSIVE;
				CLANG_CXX_LANGUAGE_STANDARD = "gnu++20";
				CLANG_ENABLE_MODULES = YES;
				CLANG_ENABLE_OBJC_ARC = YES;
				CLANG_ENABLE_OBJC_WEAK = YES;
				CLANG_WARN_BLOCK_CAPTURE_AUTORELEASING = YES;
				CLANG_WARN_BOOL_CONVERSION = YES;
				CLANG_WARN_COMMA = YES;
				CLANG_WARN_CONSTANT_CONVERSION = YES;
				CLANG_WARN_DEPRECATED_OBJC_IMPLEMENTATIONS = YES;
				CLANG_WARN_DIRECT_OBJC_ISA_USAGE = YES_ERROR;
				CLANG_WARN_DOCUMENTATION_COMMENTS = YES;
				CLANG_WARN_EMPTY_BODY = YES;
				CLANG_WARN_ENUM_CONVERSION = YES;
				CLANG_WARN_INFINITE_RECURSION = YES;
				CLANG_WARN_INT_CONVERSION = YES;
				CLANG_WARN_NON_LITERAL_NULL_CONVERSION = YES;
				CLANG_WARN_OBJC_IMPLICIT_RETAIN_SELF = YES;
				CLANG_WARN_OBJC_LITERAL_CONVERSION = YES;
				CLANG_WARN_OBJC_ROOT_CLASS = YES_ERROR;
				CLANG_WARN_QUOTED_INCLUDE_IN_FRAMEWORK_HEADER = YES;
				CLANG_WARN_RANGE_LOOP_ANALYSIS = YES;
				CLANG_WARN_STRICT_PROTOTYPES = YES;
				CLANG_WARN_SUSPICIOUS_MOVE = YES;
				CLANG_WARN_UNGUARDED_AVAILABILITY = YES_AGGRESSIVE;
				CLANG_WARN_UNREACHABLE_CODE = YES;
				CLANG_WARN__DUPLICATE_METHOD_MATCH = YES;
				COPY_PHASE_STRIP = NO;
				DEBUG_INFORMATION_FORMAT = "dwarf-with-dsym";
				ENABLE_NS_ASSERTIONS = NO;
				ENABLE_STRICT_OBJC_MSGSEND = YES;
				ENABLE_USER_SCRIPT_SANDBOXING = YES;
				GCC_C_LANGUAGE_STANDARD = gnu17;
				GCC_NO_COMMON_BLOCKS = YES;
				GCC_WARN_64_TO_32_BIT_CONVERSION = YES;
				GCC_WARN_ABOUT_RETURN_TYPE = YES_ERROR;
				GCC_WARN_UNDECLARED_SELECTOR = YES;
				GCC_WARN_UNINITIALIZED_AUTOS = YES_AGGRESSIVE;
				GCC_WARN_UNUSED_FUNCTION = YES;
				GCC_WARN_UNUSED_VARIABLE = YES;
				IPHONEOS_DEPLOYMENT_TARGET = 16.0;
				LOCALIZATION_PREFERS_STRING_CATALOGS = YES;
				MTL_ENABLE_DEBUG_INFO = NO;
				MTL_FAST_MATH = YES;
				SDKROOT = iphoneos;
				SWIFT_COMPILATION_MODE = wholemodule;
				VALIDATE_PRODUCT = YES;
			};
			name = Release;
		};
		549B1FB02C0607C9005C9432 /* Debug */ = {
			isa = XCBuildConfiguration;
			buildSettings = {
				ASSETCATALOG_COMPILER_APPICON_NAME = AppIcon;
				ASSETCATALOG_COMPILER_GLOBAL_ACCENT_COLOR_NAME = AccentColor;
				CODE_SIGN_STYLE = Automatic;
				CURRENT_PROJECT_VERSION = 1;
				DEVELOPMENT_ASSET_PATHS = "\"Cheffi/Preview Content\"";
				DEVELOPMENT_TEAM = A9F8XLHP2Y;
				ENABLE_PREVIEWS = YES;
				GENERATE_INFOPLIST_FILE = YES;
				INFOPLIST_FILE = Cheffi/Application/Resource/Info.plist;
				INFOPLIST_KEY_UIApplicationSceneManifest_Generation = YES;
				INFOPLIST_KEY_UIApplicationSupportsIndirectInputEvents = YES;
				INFOPLIST_KEY_UILaunchScreen_Generation = YES;
				INFOPLIST_KEY_UILaunchStoryboardName = "Launch Screen.storyboard";
				INFOPLIST_KEY_UIRequiresFullScreen = YES;
				INFOPLIST_KEY_UIStatusBarStyle = "";
				INFOPLIST_KEY_UISupportedInterfaceOrientations = UIInterfaceOrientationPortrait;
				INFOPLIST_KEY_UIUserInterfaceStyle = Light;
				IPHONEOS_DEPLOYMENT_TARGET = 16.0;
				LD_RUNPATH_SEARCH_PATHS = (
					"$(inherited)",
					"@executable_path/Frameworks",
				);
				MARKETING_VERSION = 1.0;
				PRODUCT_BUNDLE_IDENTIFIER = com.cheffi.Cheffi;
				PRODUCT_NAME = "$(TARGET_NAME)";
				SUPPORTED_PLATFORMS = "iphoneos iphonesimulator";
				SUPPORTS_MACCATALYST = NO;
				SUPPORTS_MAC_DESIGNED_FOR_IPHONE_IPAD = NO;
				SUPPORTS_XR_DESIGNED_FOR_IPHONE_IPAD = NO;
				SWIFT_EMIT_LOC_STRINGS = YES;
				SWIFT_VERSION = 5.0;
				TARGETED_DEVICE_FAMILY = "1,2";
			};
			name = Debug;
		};
		549B1FB12C0607C9005C9432 /* Release */ = {
			isa = XCBuildConfiguration;
			buildSettings = {
				ASSETCATALOG_COMPILER_APPICON_NAME = AppIcon;
				ASSETCATALOG_COMPILER_GLOBAL_ACCENT_COLOR_NAME = AccentColor;
				CODE_SIGN_STYLE = Automatic;
				CURRENT_PROJECT_VERSION = 1;
				DEVELOPMENT_ASSET_PATHS = "\"Cheffi/Preview Content\"";
				DEVELOPMENT_TEAM = A9F8XLHP2Y;
				ENABLE_PREVIEWS = YES;
				GENERATE_INFOPLIST_FILE = YES;
				INFOPLIST_FILE = Cheffi/Application/Resource/Info.plist;
				INFOPLIST_KEY_UIApplicationSceneManifest_Generation = YES;
				INFOPLIST_KEY_UIApplicationSupportsIndirectInputEvents = YES;
				INFOPLIST_KEY_UILaunchScreen_Generation = YES;
				INFOPLIST_KEY_UILaunchStoryboardName = "Launch Screen.storyboard";
				INFOPLIST_KEY_UIRequiresFullScreen = YES;
				INFOPLIST_KEY_UIStatusBarStyle = "";
				INFOPLIST_KEY_UISupportedInterfaceOrientations = UIInterfaceOrientationPortrait;
				INFOPLIST_KEY_UIUserInterfaceStyle = Light;
				IPHONEOS_DEPLOYMENT_TARGET = 16.0;
				LD_RUNPATH_SEARCH_PATHS = (
					"$(inherited)",
					"@executable_path/Frameworks",
				);
				MARKETING_VERSION = 1.0;
				PRODUCT_BUNDLE_IDENTIFIER = com.cheffi.Cheffi;
				PRODUCT_NAME = "$(TARGET_NAME)";
				SUPPORTED_PLATFORMS = "iphoneos iphonesimulator";
				SUPPORTS_MACCATALYST = NO;
				SUPPORTS_MAC_DESIGNED_FOR_IPHONE_IPAD = NO;
				SUPPORTS_XR_DESIGNED_FOR_IPHONE_IPAD = NO;
				SWIFT_EMIT_LOC_STRINGS = YES;
				SWIFT_VERSION = 5.0;
				TARGETED_DEVICE_FAMILY = "1,2";
			};
			name = Release;
		};
		549B1FB32C0607C9005C9432 /* Debug */ = {
			isa = XCBuildConfiguration;
			buildSettings = {
				ALWAYS_EMBED_SWIFT_STANDARD_LIBRARIES = YES;
				BUNDLE_LOADER = "$(TEST_HOST)";
				CODE_SIGN_STYLE = Automatic;
				CURRENT_PROJECT_VERSION = 1;
				DEVELOPMENT_TEAM = A9F8XLHP2Y;
				GENERATE_INFOPLIST_FILE = YES;
				IPHONEOS_DEPLOYMENT_TARGET = 17.4;
				MARKETING_VERSION = 1.0;
				PRODUCT_BUNDLE_IDENTIFIER = com.cheffi.CheffiTests;
				PRODUCT_NAME = "$(TARGET_NAME)";
				SWIFT_EMIT_LOC_STRINGS = NO;
				SWIFT_VERSION = 5.0;
				TARGETED_DEVICE_FAMILY = "1,2";
				TEST_HOST = "$(BUILT_PRODUCTS_DIR)/Cheffi.app/$(BUNDLE_EXECUTABLE_FOLDER_PATH)/Cheffi";
			};
			name = Debug;
		};
		549B1FB42C0607C9005C9432 /* Release */ = {
			isa = XCBuildConfiguration;
			buildSettings = {
				ALWAYS_EMBED_SWIFT_STANDARD_LIBRARIES = YES;
				BUNDLE_LOADER = "$(TEST_HOST)";
				CODE_SIGN_STYLE = Automatic;
				CURRENT_PROJECT_VERSION = 1;
				DEVELOPMENT_TEAM = A9F8XLHP2Y;
				GENERATE_INFOPLIST_FILE = YES;
				IPHONEOS_DEPLOYMENT_TARGET = 17.4;
				MARKETING_VERSION = 1.0;
				PRODUCT_BUNDLE_IDENTIFIER = com.cheffi.CheffiTests;
				PRODUCT_NAME = "$(TARGET_NAME)";
				SWIFT_EMIT_LOC_STRINGS = NO;
				SWIFT_VERSION = 5.0;
				TARGETED_DEVICE_FAMILY = "1,2";
				TEST_HOST = "$(BUILT_PRODUCTS_DIR)/Cheffi.app/$(BUNDLE_EXECUTABLE_FOLDER_PATH)/Cheffi";
			};
			name = Release;
		};
		549B1FB62C0607C9005C9432 /* Debug */ = {
			isa = XCBuildConfiguration;
			buildSettings = {
				ALWAYS_EMBED_SWIFT_STANDARD_LIBRARIES = YES;
				CODE_SIGN_STYLE = Automatic;
				CURRENT_PROJECT_VERSION = 1;
				DEVELOPMENT_TEAM = A9F8XLHP2Y;
				GENERATE_INFOPLIST_FILE = YES;
				MARKETING_VERSION = 1.0;
				PRODUCT_BUNDLE_IDENTIFIER = com.cheffi.CheffiUITests;
				PRODUCT_NAME = "$(TARGET_NAME)";
				SWIFT_EMIT_LOC_STRINGS = NO;
				SWIFT_VERSION = 5.0;
				TARGETED_DEVICE_FAMILY = "1,2";
				TEST_TARGET_NAME = Cheffi;
			};
			name = Debug;
		};
		549B1FB72C0607C9005C9432 /* Release */ = {
			isa = XCBuildConfiguration;
			buildSettings = {
				ALWAYS_EMBED_SWIFT_STANDARD_LIBRARIES = YES;
				CODE_SIGN_STYLE = Automatic;
				CURRENT_PROJECT_VERSION = 1;
				DEVELOPMENT_TEAM = A9F8XLHP2Y;
				GENERATE_INFOPLIST_FILE = YES;
				MARKETING_VERSION = 1.0;
				PRODUCT_BUNDLE_IDENTIFIER = com.cheffi.CheffiUITests;
				PRODUCT_NAME = "$(TARGET_NAME)";
				SWIFT_EMIT_LOC_STRINGS = NO;
				SWIFT_VERSION = 5.0;
				TARGETED_DEVICE_FAMILY = "1,2";
				TEST_TARGET_NAME = Cheffi;
			};
			name = Release;
		};
/* End XCBuildConfiguration section */

/* Begin XCConfigurationList section */
		549B1F862C0607C7005C9432 /* Build configuration list for PBXProject "Cheffi" */ = {
			isa = XCConfigurationList;
			buildConfigurations = (
				549B1FAD2C0607C9005C9432 /* Debug */,
				549B1FAE2C0607C9005C9432 /* Release */,
			);
			defaultConfigurationIsVisible = 0;
			defaultConfigurationName = Release;
		};
		549B1FAF2C0607C9005C9432 /* Build configuration list for PBXNativeTarget "Cheffi" */ = {
			isa = XCConfigurationList;
			buildConfigurations = (
				549B1FB02C0607C9005C9432 /* Debug */,
				549B1FB12C0607C9005C9432 /* Release */,
			);
			defaultConfigurationIsVisible = 0;
			defaultConfigurationName = Release;
		};
		549B1FB22C0607C9005C9432 /* Build configuration list for PBXNativeTarget "CheffiTests" */ = {
			isa = XCConfigurationList;
			buildConfigurations = (
				549B1FB32C0607C9005C9432 /* Debug */,
				549B1FB42C0607C9005C9432 /* Release */,
			);
			defaultConfigurationIsVisible = 0;
			defaultConfigurationName = Release;
		};
		549B1FB52C0607C9005C9432 /* Build configuration list for PBXNativeTarget "CheffiUITests" */ = {
			isa = XCConfigurationList;
			buildConfigurations = (
				549B1FB62C0607C9005C9432 /* Debug */,
				549B1FB72C0607C9005C9432 /* Release */,
			);
			defaultConfigurationIsVisible = 0;
			defaultConfigurationName = Release;
		};
/* End XCConfigurationList section */

/* Begin XCRemoteSwiftPackageReference section */
		54073B7E2C0CBC6500597973 /* XCRemoteSwiftPackageReference "swift-composable-architecture" */ = {
			isa = XCRemoteSwiftPackageReference;
			repositoryURL = "https://github.com/pointfreeco/swift-composable-architecture.git";
			requirement = {
				kind = exactVersion;
				version = 1.10.0;
			};
		};
		54F217B02C2D685400892DBD /* XCRemoteSwiftPackageReference "Kingfisher" */ = {
			isa = XCRemoteSwiftPackageReference;
			repositoryURL = "https://github.com/onevcat/Kingfisher";
			requirement = {
				kind = upToNextMajorVersion;
				minimumVersion = 7.12.0;
			};
		};
		A611D9D82C187F5600ABF38C /* XCRemoteSwiftPackageReference "Alamofire" */ = {
			isa = XCRemoteSwiftPackageReference;
			repositoryURL = "https://github.com/Alamofire/Alamofire.git";
			requirement = {
				kind = exactVersion;
				version = 5.9.0;
			};
		};
		A61FC3D02C3D848B00C732C6 /* XCRemoteSwiftPackageReference "AnyCodable" */ = {
			isa = XCRemoteSwiftPackageReference;
			repositoryURL = "https://github.com/Flight-School/AnyCodable";
			requirement = {
				kind = exactVersion;
				version = 0.6.0;
			};
		};
		A6F5E6DB2C2321360053C2E8 /* XCRemoteSwiftPackageReference "kakao-ios-sdk" */ = {
			isa = XCRemoteSwiftPackageReference;
			repositoryURL = "https://github.com/kakao/kakao-ios-sdk";
			requirement = {
				kind = upToNextMajorVersion;
				minimumVersion = 2.22.0;
			};
		};
/* End XCRemoteSwiftPackageReference section */

/* Begin XCSwiftPackageProductDependency section */
		54073B7F2C0CBC6500597973 /* ComposableArchitecture */ = {
			isa = XCSwiftPackageProductDependency;
			package = 54073B7E2C0CBC6500597973 /* XCRemoteSwiftPackageReference "swift-composable-architecture" */;
			productName = ComposableArchitecture;
		};
		54F217B12C2D685400892DBD /* Kingfisher */ = {
			isa = XCSwiftPackageProductDependency;
			package = 54F217B02C2D685400892DBD /* XCRemoteSwiftPackageReference "Kingfisher" */;
			productName = Kingfisher;
		};
		A611D9DA2C187F6000ABF38C /* Alamofire */ = {
			isa = XCSwiftPackageProductDependency;
			package = A611D9D82C187F5600ABF38C /* XCRemoteSwiftPackageReference "Alamofire" */;
			productName = Alamofire;
		};
		A61FC3D12C3D849700C732C6 /* AnyCodable */ = {
			isa = XCSwiftPackageProductDependency;
			package = A61FC3D02C3D848B00C732C6 /* XCRemoteSwiftPackageReference "AnyCodable" */;
			productName = AnyCodable;
		};
		A6F5E6DC2C23213D0053C2E8 /* KakaoSDK */ = {
			isa = XCSwiftPackageProductDependency;
			package = A6F5E6DB2C2321360053C2E8 /* XCRemoteSwiftPackageReference "kakao-ios-sdk" */;
			productName = KakaoSDK;
		};
		A6F5E6DE2C23213F0053C2E8 /* KakaoSDKAuth */ = {
			isa = XCSwiftPackageProductDependency;
			package = A6F5E6DB2C2321360053C2E8 /* XCRemoteSwiftPackageReference "kakao-ios-sdk" */;
			productName = KakaoSDKAuth;
		};
		A6F5E6E02C23215B0053C2E8 /* KakaoSDKUser */ = {
			isa = XCSwiftPackageProductDependency;
			package = A6F5E6DB2C2321360053C2E8 /* XCRemoteSwiftPackageReference "kakao-ios-sdk" */;
			productName = KakaoSDKUser;
		};
		A6F5E6E22C23215F0053C2E8 /* KakaoSDKCommon */ = {
			isa = XCSwiftPackageProductDependency;
			package = A6F5E6DB2C2321360053C2E8 /* XCRemoteSwiftPackageReference "kakao-ios-sdk" */;
			productName = KakaoSDKCommon;
		};
/* End XCSwiftPackageProductDependency section */
	};
	rootObject = 549B1F832C0607C7005C9432 /* Project object */;
}
